// !$*UTF8*$!
{
	archiveVersion = 1;
	classes = {
	};
	objectVersion = 42;
	objects = {

/* Begin PBXAggregateTarget section */
		6A9FA557024694440CC91562 /* JSA */ = {
			isa = PBXAggregateTarget;
			buildConfigurationList = 4CEBA75808679E4D0015D03E /* Build configuration list for PBXAggregateTarget "JSA" */;
			buildPhases = (
			);
			dependencies = (
				6A9FA55D024695C10CC91562 /* PBXTargetDependency */,
				4CEBA79A08679F280015D03E /* PBXTargetDependency */,
			);
			name = JSA;
			productName = JNIApplication;
		};
/* End PBXAggregateTarget section */

/* Begin PBXBuildFile section */
		363028FA0383184400C91562 /* Manifest in JavaArchive */ = {isa = PBXBuildFile; fileRef = 363028F90383184400C91562 /* Manifest */; settings = {JAVA_ARCHIVE_SUBDIR = ""; }; };
		4CEBA79B08679F3E0015D03E /* JSAjnilib.c in Sources */ = {isa = PBXBuildFile; fileRef = 6A52677B022AFE3B0CC91562 /* JSAjnilib.c */; };
		4CEBA79C08679F510015D03E /* JavaVM.framework in Frameworks */ = {isa = PBXBuildFile; fileRef = 6AE2200B0208CA9C0CC91562 /* JavaVM.framework */; };
		CC78CB3C0A6501B200BAF183 /* Skype.framework in Frameworks */ = {isa = PBXBuildFile; fileRef = CC78CB3B0A6501B200BAF183 /* Skype.framework */; };
		CC78CB3D0A6501B200BAF183 /* Skype.framework in Frameworks */ = {isa = PBXBuildFile; fileRef = CC78CB3B0A6501B200BAF183 /* Skype.framework */; };
		CC8E03C60A5E4DDF00D6313B /* skype.jar in Frameworks */ = {isa = PBXBuildFile; fileRef = CC8E03C50A5E4DDE00D6313B /* skype.jar */; };
		CC8E03C80A5E4DDF00D6313B /* skype.jar in Frameworks */ = {isa = PBXBuildFile; fileRef = CC8E03C50A5E4DDE00D6313B /* skype.jar */; };
		CC8E04050A5E4F7A00D6313B /* Main.java in Sources */ = {isa = PBXBuildFile; fileRef = CC8E04040A5E4F7A00D6313B /* Main.java */; };
		CC8E047C0A5E584700D6313B /* Carbon.framework in Frameworks */ = {isa = PBXBuildFile; fileRef = CC8E047B0A5E584700D6313B /* Carbon.framework */; };
		CC8E047D0A5E584700D6313B /* Carbon.framework in Frameworks */ = {isa = PBXBuildFile; fileRef = CC8E047B0A5E584700D6313B /* Carbon.framework */; };
/* End PBXBuildFile section */

/* Begin PBXContainerItemProxy section */
		36ABB26B061E0EED00C43093 /* PBXContainerItemProxy */ = {
			isa = PBXContainerItemProxy;
			containerPortal = 00E6828EFEC88D1A11DB9C8B /* Project object */;
			proxyType = 1;
			remoteGlobalIDString = 6A9FA55B024695C00CC91562;
			remoteInfo = JNIWrapper;
		};
		4CEBA79908679F280015D03E /* PBXContainerItemProxy */ = {
			isa = PBXContainerItemProxy;
			containerPortal = 00E6828EFEC88D1A11DB9C8B /* Project object */;
			proxyType = 1;
			remoteGlobalIDString = 4CEBA78E08679EF10015D03E;
			remoteInfo = JNILib;
		};
/* End PBXContainerItemProxy section */

/* Begin PBXFileReference section */
		329C727F0360BF9A00C91783 /* JNIWrapper.jar */ = {isa = PBXFileReference; explicitFileType = archive.jar; includeInIndex = 0; path = JNIWrapper.jar; sourceTree = BUILT_PRODUCTS_DIR; };
		363028F90383184400C91562 /* Manifest */ = {isa = PBXFileReference; fileEncoding = 4; lastKnownFileType = text; path = Manifest; sourceTree = "<group>"; };
		4CEBA78F08679EF10015D03E /* libJSA.jnilib */ = {isa = PBXFileReference; explicitFileType = "compiled.mach-o.dylib"; includeInIndex = 0; path = libJSA.jnilib; sourceTree = BUILT_PRODUCTS_DIR; };
		6A46BB2D022D9DFF0CC91562 /* OSXConnector.java */ = {isa = PBXFileReference; fileEncoding = 4; lastKnownFileType = sourcecode.java; path = OSXConnector.java; sourceTree = "<group>"; };
		6A52677B022AFE3B0CC91562 /* JSAjnilib.c */ = {isa = PBXFileReference; fileEncoding = 4; lastKnownFileType = sourcecode.c.c; path = JSAjnilib.c; sourceTree = "<group>"; };
		6AE2200B0208CA9C0CC91562 /* JavaVM.framework */ = {isa = PBXFileReference; lastKnownFileType = wrapper.framework; name = JavaVM.framework; path = /System/Library/Frameworks/JavaVM.framework; sourceTree = "<absolute>"; };
		CC78CB3B0A6501B200BAF183 /* Skype.framework */ = {isa = PBXFileReference; lastKnownFileType = wrapper.framework; path = Skype.framework; sourceTree = "<group>"; };
		CC8E03C50A5E4DDE00D6313B /* skype.jar */ = {isa = PBXFileReference; lastKnownFileType = archive.jar; path = skype.jar; sourceTree = "<group>"; };
		CC8E04040A5E4F7A00D6313B /* Main.java */ = {isa = PBXFileReference; fileEncoding = 30; lastKnownFileType = sourcecode.java; path = Main.java; sourceTree = "<group>"; };
		CC8E047B0A5E584700D6313B /* Carbon.framework */ = {isa = PBXFileReference; lastKnownFileType = wrapper.framework; name = Carbon.framework; path = /System/Library/Frameworks/Carbon.framework; sourceTree = "<absolute>"; };
/* End PBXFileReference section */

/* Begin PBXFrameworksBuildPhase section */
		4CEBA78D08679EF10015D03E /* Frameworks */ = {
			isa = PBXFrameworksBuildPhase;
			buildActionMask = 2147483647;
			files = (
				4CEBA79C08679F510015D03E /* JavaVM.framework in Frameworks */,
				CC8E03C80A5E4DDF00D6313B /* skype.jar in Frameworks */,
				CC8E047D0A5E584700D6313B /* Carbon.framework in Frameworks */,
				CC78CB3D0A6501B200BAF183 /* Skype.framework in Frameworks */,
			);
			runOnlyForDeploymentPostprocessing = 0;
		};
		6A9FA55A024695C00CC91562 /* Frameworks */ = {
			isa = PBXFrameworksBuildPhase;
			buildActionMask = 2147483647;
			files = (
				CC8E03C60A5E4DDF00D6313B /* skype.jar in Frameworks */,
				CC8E047C0A5E584700D6313B /* Carbon.framework in Frameworks */,
				CC78CB3C0A6501B200BAF183 /* Skype.framework in Frameworks */,
			);
			runOnlyForDeploymentPostprocessing = 0;
		};
/* End PBXFrameworksBuildPhase section */

/* Begin PBXGroup section */
		00E6828FFEC88D1A11DB9C8B = {
			isa = PBXGroup;
			children = (
				CC78CB3B0A6501B200BAF183 /* Skype.framework */,
				CC8E047B0A5E584700D6313B /* Carbon.framework */,
				CC8E03C50A5E4DDE00D6313B /* skype.jar */,
				CC8E04040A5E4F7A00D6313B /* Main.java */,
				6A52677B022AFE3B0CC91562 /* JSAjnilib.c */,
				363028F90383184400C91562 /* Manifest */,
				6A46BB2D022D9DFF0CC91562 /* OSXConnector.java */,
				6AE2200B0208CA9C0CC91562 /* JavaVM.framework */,
				0120612AFEC8923411DB9C8B /* Products */,
			);
			sourceTree = "<group>";
		};
		0120612AFEC8923411DB9C8B /* Products */ = {
			isa = PBXGroup;
			children = (
				329C727F0360BF9A00C91783 /* JNIWrapper.jar */,
				4CEBA78F08679EF10015D03E /* libJSA.jnilib */,
			);
			name = Products;
			sourceTree = "<group>";
		};
/* End PBXGroup section */

/* Begin PBXHeadersBuildPhase section */
		4CEBA78B08679EF10015D03E /* Headers */ = {
			isa = PBXHeadersBuildPhase;
			buildActionMask = 2147483647;
			files = (
			);
			runOnlyForDeploymentPostprocessing = 0;
		};
/* End PBXHeadersBuildPhase section */

/* Begin PBXJavaArchiveBuildPhase section */
		6A9FA559024695C00CC91562 /* JavaArchive */ = {
			isa = PBXJavaArchiveBuildPhase;
			buildActionMask = 2147483647;
			files = (
				363028FA0383184400C91562 /* Manifest in JavaArchive */,
			);
			runOnlyForDeploymentPostprocessing = 0;
		};
/* End PBXJavaArchiveBuildPhase section */

/* Begin PBXLibraryTarget section */
		6A9FA55B024695C00CC91562 /* OSXConnector */ = {
			isa = PBXLibraryTarget;
			buildConfigurationList = 4CEBA74C08679E4D0015D03E /* Build configuration list for PBXLibraryTarget "OSXConnector" */;
			buildPhases = (
				6A9FA558024695C00CC91562 /* Sources */,
				6A9FA559024695C00CC91562 /* JavaArchive */,
				6A9FA55A024695C00CC91562 /* Frameworks */,
			);
			dependencies = (
			);
			name = OSXConnector;
			productInstallPath = /usr/local/lib;
			productName = JNIWrapper;
			productReference = 329C727F0360BF9A00C91783 /* JNIWrapper.jar */;
		};
/* End PBXLibraryTarget section */

/* Begin PBXNativeTarget section */
		4CEBA78E08679EF10015D03E /* JNILib */ = {
			isa = PBXNativeTarget;
			buildConfigurationList = 4CEBA79108679F100015D03E /* Build configuration list for PBXNativeTarget "JNILib" */;
			buildPhases = (
				4CEBA78B08679EF10015D03E /* Headers */,
				4CEBA78C08679EF10015D03E /* Sources */,
				4CEBA78D08679EF10015D03E /* Frameworks */,
			);
			buildRules = (
			);
			dependencies = (
			);
			name = JNILib;
			productName = JNILibN;
			productReference = 4CEBA78F08679EF10015D03E /* libJSA.jnilib */;
			productType = "com.apple.product-type.library.dynamic";
		};
/* End PBXNativeTarget section */

/* Begin PBXProject section */
		00E6828EFEC88D1A11DB9C8B /* Project object */ = {
			isa = PBXProject;
			buildConfigurationList = 4CEBA75C08679E4D0015D03E /* Build configuration list for PBXProject "JSA" */;
			hasScannedForEncodings = 1;
			mainGroup = 00E6828FFEC88D1A11DB9C8B;
			productRefGroup = 0120612AFEC8923411DB9C8B /* Products */;
			projectDirPath = "";
			targets = (
				6A9FA557024694440CC91562 /* JSA */,
				6A9FA55B024695C00CC91562 /* OSXConnector */,
				4CEBA78E08679EF10015D03E /* JNILib */,
			);
		};
/* End PBXProject section */

/* Begin PBXSourcesBuildPhase section */
		4CEBA78C08679EF10015D03E /* Sources */ = {
			isa = PBXSourcesBuildPhase;
			buildActionMask = 2147483647;
			files = (
				4CEBA79B08679F3E0015D03E /* JSAjnilib.c in Sources */,
			);
			runOnlyForDeploymentPostprocessing = 0;
		};
		6A9FA558024695C00CC91562 /* Sources */ = {
			isa = PBXSourcesBuildPhase;
			buildActionMask = 2147483647;
			files = (
				CC8E04050A5E4F7A00D6313B /* Main.java in Sources */,
			);
			runOnlyForDeploymentPostprocessing = 0;
		};
/* End PBXSourcesBuildPhase section */

/* Begin PBXTargetDependency section */
		4CEBA79A08679F280015D03E /* PBXTargetDependency */ = {
			isa = PBXTargetDependency;
			target = 4CEBA78E08679EF10015D03E /* JNILib */;
			targetProxy = 4CEBA79908679F280015D03E /* PBXContainerItemProxy */;
		};
		6A9FA55D024695C10CC91562 /* PBXTargetDependency */ = {
			isa = PBXTargetDependency;
			target = 6A9FA55B024695C00CC91562 /* OSXConnector */;
			targetProxy = 36ABB26B061E0EED00C43093 /* PBXContainerItemProxy */;
		};
/* End PBXTargetDependency section */

/* Begin XCBuildConfiguration section */
		4CEBA74D08679E4D0015D03E /* Debug */ = {
			isa = XCBuildConfiguration;
			buildSettings = {
				COPY_PHASE_STRIP = NO;
				DYLIB_COMPATIBILITY_VERSION = 1;
				DYLIB_CURRENT_VERSION = 1;
				FRAMEWORK_SEARCH_PATHS = (
					"$(FRAMEWORK_SEARCH_PATHS)",
					"$(SRCROOT)",
				);
				GCC_DYNAMIC_NO_PIC = NO;
				GCC_ENABLE_FIX_AND_CONTINUE = YES;
				GCC_GENERATE_DEBUGGING_SYMBOLS = YES;
				GCC_OPTIMIZATION_LEVEL = 0;
				JAVA_ARCHIVE_COMPRESSION = NO;
				JAVA_ARCHIVE_TYPE = JAR;
				JAVA_COMPILER = /usr/bin/javac;
				JAVA_MANIFEST_FILE = Manifest;
				JAVA_SOURCE_SUBDIR = .;
				LIBRARY_STYLE = STATIC;
				OTHER_CFLAGS = "";
				OTHER_LDFLAGS = "";
				OTHER_LIBTOOL_FLAGS = "";
				OTHER_REZFLAGS = "";
				PRODUCT_NAME = OSXConnector;
				PURE_JAVA = YES;
				REZ_EXECUTABLE = YES;
				SECTORDER_FLAGS = "";
				WARNING_CFLAGS = (
					"-Wmost",
					"-Wno-four-char-constants",
					"-Wno-unknown-pragmas",
				);
				ZERO_LINK = YES;
			};
			name = Debug;
		};
		4CEBA74E08679E4D0015D03E /* Release */ = {
			isa = XCBuildConfiguration;
			buildSettings = {
				COPY_PHASE_STRIP = YES;
				DYLIB_COMPATIBILITY_VERSION = 1;
				DYLIB_CURRENT_VERSION = 1;
				FRAMEWORK_SEARCH_PATHS = (
					"$(FRAMEWORK_SEARCH_PATHS)",
					"$(SRCROOT)",
				);
				GCC_ENABLE_FIX_AND_CONTINUE = NO;
				JAVA_ARCHIVE_COMPRESSION = NO;
				JAVA_ARCHIVE_TYPE = JAR;
				JAVA_COMPILER = /usr/bin/javac;
				JAVA_MANIFEST_FILE = Manifest;
				JAVA_SOURCE_SUBDIR = .;
				LIBRARY_STYLE = STATIC;
				OTHER_CFLAGS = "";
				OTHER_LDFLAGS = "";
				OTHER_LIBTOOL_FLAGS = "";
				OTHER_REZFLAGS = "";
				PRODUCT_NAME = JNIWrapper;
				PURE_JAVA = YES;
				REZ_EXECUTABLE = YES;
				SECTORDER_FLAGS = "";
				WARNING_CFLAGS = (
					"-Wmost",
					"-Wno-four-char-constants",
					"-Wno-unknown-pragmas",
				);
				ZERO_LINK = NO;
			};
			name = Release;
		};
		4CEBA75908679E4D0015D03E /* Debug */ = {
			isa = XCBuildConfiguration;
			buildSettings = {
				COPY_PHASE_STRIP = NO;
				GCC_DYNAMIC_NO_PIC = NO;
				GCC_ENABLE_FIX_AND_CONTINUE = YES;
				GCC_GENERATE_DEBUGGING_SYMBOLS = YES;
				GCC_OPTIMIZATION_LEVEL = 0;
				OTHER_CFLAGS = "";
				OTHER_LDFLAGS = "";
				OTHER_REZFLAGS = "";
				PRODUCT_NAME = JSA;
				SECTORDER_FLAGS = "";
				WARNING_CFLAGS = (
					"-Wmost",
					"-Wno-four-char-constants",
					"-Wno-unknown-pragmas",
				);
				ZERO_LINK = YES;
			};
			name = Debug;
		};
		4CEBA75A08679E4D0015D03E /* Release */ = {
			isa = XCBuildConfiguration;
			buildSettings = {
				COPY_PHASE_STRIP = YES;
				GCC_ENABLE_FIX_AND_CONTINUE = NO;
				OTHER_CFLAGS = "";
				OTHER_LDFLAGS = "";
				OTHER_REZFLAGS = "";
				PRODUCT_NAME = JSA;
				SECTORDER_FLAGS = "";
				WARNING_CFLAGS = (
					"-Wmost",
					"-Wno-four-char-constants",
					"-Wno-unknown-pragmas",
				);
				ZERO_LINK = NO;
			};
			name = Release;
		};
		4CEBA75D08679E4D0015D03E /* Debug */ = {
			isa = XCBuildConfiguration;
			buildSettings = {
				ARCHS = (
					PPC,
					i386,
				);
				FRAMEWORK_SEARCH_PATHS = (
					"$(SRCROOT)/../Frameworks/",
					"$(SYSTEM_LIBRARY_DIR)/Frameworks/",
					"$(LOCAL_LIBRARY_DIR)/Frameworks/",
					"$(USER_LIBRARY_DIR)/Frameworks/",
				);
				SDKROOT = /Developer/SDKs/MacOSX10.4u.sdk;
				ZERO_LINK = NO;
			};
			name = Debug;
		};
		4CEBA75E08679E4D0015D03E /* Release */ = {
			isa = XCBuildConfiguration;
			buildSettings = {
				ARCHS = (
					ppc,
					i386,
				);
				FRAMEWORK_SEARCH_PATHS = (
					"$(SRCROOT)/**",
					"$(SYSTEM_LIBRARY_DIR)/Frameworks/",
					"$(LOCAL_LIBRARY_DIR)/Frameworks/",
					"~/Library/Frameworks/",
				);
				SDKROOT = /Developer/SDKs/MacOSX10.4u.sdk;
				ZERO_LINK = NO;
			};
			name = Release;
		};
		4CEBA79208679F100015D03E /* Debug */ = {
			isa = XCBuildConfiguration;
			buildSettings = {
				ARCHS = (
					"PPC,",
					i386,
				);
				COPY_PHASE_STRIP = NO;
				DYLIB_COMPATIBILITY_VERSION = 1;
				DYLIB_CURRENT_VERSION = 1;
				EXECUTABLE_EXTENSION = jnilib;
				EXECUTABLE_PREFIX = lib;
				FRAMEWORK_SEARCH_PATHS = (
					"$(FRAMEWORK_SEARCH_PATHS)",
					"$(SRCROOT)",
				);
				GCC_GENERATE_DEBUGGING_SYMBOLS = YES;
				GCC_MODEL_TUNING = G5;
				GCC_WARN_UNUSED_VARIABLE = YES;
				HEADER_SEARCH_PATHS = (
					"${OBJROOT}/Headers",
					"$(SYSTEM_LIBRARY_DIR)/Frameworks/JavaVM.framework/Headers",
				);
				INSTALL_PATH = /usr/local/lib;
				LIBRARY_STYLE = DYNAMIC;
				MACH_O_TYPE = mh_dylib;
				OTHER_CFLAGS = "";
				OTHER_LDFLAGS = "";
				OTHER_REZFLAGS = "";
				PREBINDING = NO;
				PRODUCT_NAME = JSA;
				SECTORDER_FLAGS = "";
				WARNING_CFLAGS = (
					"-Wmost",
					"-Wno-four-char-constants",
					"-Wno-unknown-pragmas",
				);
				ZERO_LINK = NO;
			};
			name = Debug;
		};
		4CEBA79308679F100015D03E /* Release */ = {
			isa = XCBuildConfiguration;
			buildSettings = {
				ARCHS = (
					ppc,
					i386,
				);
				COPY_PHASE_STRIP = YES;
				DYLIB_COMPATIBILITY_VERSION = 1;
				DYLIB_CURRENT_VERSION = 1;
				EXECUTABLE_EXTENSION = jnilib;
				EXECUTABLE_PREFIX = lib;
				FRAMEWORK_SEARCH_PATHS = (
					"$(FRAMEWORK_SEARCH_PATHS)",
					"$(SRCROOT)",
				);
				GCC_GENERATE_DEBUGGING_SYMBOLS = NO;
				GCC_MODEL_TUNING = G5;
				GCC_WARN_UNUSED_VARIABLE = YES;
				HEADER_SEARCH_PATHS = (
					"${OBJROOT}/Headers",
					"$(SYSTEM_LIBRARY_DIR)/Frameworks/JavaVM.framework/Headers",
				);
				INSTALL_PATH = /usr/local/lib;
				LIBRARY_STYLE = DYNAMIC;
				MACH_O_TYPE = mh_dylib;
				OTHER_CFLAGS = "";
				OTHER_LDFLAGS = "";
				OTHER_REZFLAGS = "";
				PREBINDING = NO;
				PRODUCT_NAME = JSA;
				SECTORDER_FLAGS = "";
				WARNING_CFLAGS = (
					"-Wmost",
					"-Wno-four-char-constants",
					"-Wno-unknown-pragmas",
				);
				ZERO_LINK = NO;
			};
			name = Release;
		};
/* End XCBuildConfiguration section */

/* Begin XCConfigurationList section */
		4CEBA74C08679E4D0015D03E /* Build configuration list for PBXLibraryTarget "OSXConnector" */ = {
			isa = XCConfigurationList;
			buildConfigurations = (
				4CEBA74D08679E4D0015D03E /* Debug */,
				4CEBA74E08679E4D0015D03E /* Release */,
			);
			defaultConfigurationIsVisible = 0;
			defaultConfigurationName = Release;
		};
		4CEBA75808679E4D0015D03E /* Build configuration list for PBXAggregateTarget "JSA" */ = {
			isa = XCConfigurationList;
			buildConfigurations = (
				4CEBA75908679E4D0015D03E /* Debug */,
				4CEBA75A08679E4D0015D03E /* Release */,
			);
			defaultConfigurationIsVisible = 0;
			defaultConfigurationName = Release;
		};
		4CEBA75C08679E4D0015D03E /* Build configuration list for PBXProject "JSA" */ = {
			isa = XCConfigurationList;
			buildConfigurations = (
				4CEBA75D08679E4D0015D03E /* Debug */,
				4CEBA75E08679E4D0015D03E /* Release */,
			);
			defaultConfigurationIsVisible = 0;
			defaultConfigurationName = Release;
		};
		4CEBA79108679F100015D03E /* Build configuration list for PBXNativeTarget "JNILib" */ = {
			isa = XCConfigurationList;
			buildConfigurations = (
				4CEBA79208679F100015D03E /* Debug */,
				4CEBA79308679F100015D03E /* Release */,
			);
			defaultConfigurationIsVisible = 0;
			defaultConfigurationName = Release;
		};
/* End XCConfigurationList section */
	};
	rootObject = 00E6828EFEC88D1A11DB9C8B /* Project object */;
}
